
Microsoft Visual Studio Solution File, Format Version 12.00
# Visual Studio Version 17
VisualStudioVersion = 17.0.31903.59
MinimumVisualStudioVersion = 10.0.40219.1
Project("{2150E333-8FDC-42A3-9474-1A3956D46DE8}") = "MessageFormAPI", "MessageFormAPI", "{3E8BF074-9010-4459-84BC-CC63CF6E4517}"
EndProject
Project("{FAE04EC0-301F-11D3-BF4B-00C04F79EFBC}") = "MessageFormAPI.API", "MessageFormAPI\MessageFormAPI.API\MessageFormAPI.API.csproj", "{D32AA52A-47E4-4C21-AA6D-96D0D5A5C977}"
EndProject
Project("{FAE04EC0-301F-11D3-BF4B-00C04F79EFBC}") = "MessageFormAPI.Application", "MessageFormAPI\MessageFormAPI.Application\MessageFormAPI.Application.csproj", "{A92A86A1-E924-485D-BEAF-227489EB703A}"
EndProject
Project("{FAE04EC0-301F-11D3-BF4B-00C04F79EFBC}") = "MessageFormAPI.Domain", "MessageFormAPI\MessageFormAPI.Domain\MessageFormAPI.Domain.csproj", "{DA9A65E5-77B4-415B-850C-F9B4FA0AE650}"
EndProject
Project("{FAE04EC0-301F-11D3-BF4B-00C04F79EFBC}") = "MessageFormAPI.Infrastructure", "MessageFormAPI\MessageFormAPI.Infrastructure\MessageFormAPI.Infrastructure.csproj", "{B096C692-F801-4500-9CC1-2FFB4D4EBAA1}"
EndProject
Global
	GlobalSection(SolutionConfigurationPlatforms) = preSolution
		Debug|Any CPU = Debug|Any CPU
		Release|Any CPU = Release|Any CPU
	EndGlobalSection
	GlobalSection(SolutionProperties) = preSolution
		HideSolutionNode = FALSE
	EndGlobalSection
	GlobalSection(ProjectConfigurationPlatforms) = postSolution
		{D32AA52A-47E4-4C21-AA6D-96D0D5A5C977}.Debug|Any CPU.ActiveCfg = Debug|Any CPU
		{D32AA52A-47E4-4C21-AA6D-96D0D5A5C977}.Debug|Any CPU.Build.0 = Debug|Any CPU
		{D32AA52A-47E4-4C21-AA6D-96D0D5A5C977}.Release|Any CPU.ActiveCfg = Release|Any CPU
		{D32AA52A-47E4-4C21-AA6D-96D0D5A5C977}.Release|Any CPU.Build.0 = Release|Any CPU
		{A92A86A1-E924-485D-BEAF-227489EB703A}.Debug|Any CPU.ActiveCfg = Debug|Any CPU
		{A92A86A1-E924-485D-BEAF-227489EB703A}.Debug|Any CPU.Build.0 = Debug|Any CPU
		{A92A86A1-E924-485D-BEAF-227489EB703A}.Release|Any CPU.ActiveCfg = Release|Any CPU
		{A92A86A1-E924-485D-BEAF-227489EB703A}.Release|Any CPU.Build.0 = Release|Any CPU
		{DA9A65E5-77B4-415B-850C-F9B4FA0AE650}.Debug|Any CPU.ActiveCfg = Debug|Any CPU
		{DA9A65E5-77B4-415B-850C-F9B4FA0AE650}.Debug|Any CPU.Build.0 = Debug|Any CPU
		{DA9A65E5-77B4-415B-850C-F9B4FA0AE650}.Release|Any CPU.ActiveCfg = Release|Any CPU
		{DA9A65E5-77B4-415B-850C-F9B4FA0AE650}.Release|Any CPU.Build.0 = Release|Any CPU
		{B096C692-F801-4500-9CC1-2FFB4D4EBAA1}.Debug|Any CPU.ActiveCfg = Debug|Any CPU
		{B096C692-F801-4500-9CC1-2FFB4D4EBAA1}.Debug|Any CPU.Build.0 = Debug|Any CPU
		{B096C692-F801-4500-9CC1-2FFB4D4EBAA1}.Release|Any CPU.ActiveCfg = Release|Any CPU
		{B096C692-F801-4500-9CC1-2FFB4D4EBAA1}.Release|Any CPU.Build.0 = Release|Any CPU
	EndGlobalSection
	GlobalSection(NestedProjects) = preSolution
		{D32AA52A-47E4-4C21-AA6D-96D0D5A5C977} = {3E8BF074-9010-4459-84BC-CC63CF6E4517}
		{A92A86A1-E924-485D-BEAF-227489EB703A} = {3E8BF074-9010-4459-84BC-CC63CF6E4517}
		{DA9A65E5-77B4-415B-850C-F9B4FA0AE650} = {3E8BF074-9010-4459-84BC-CC63CF6E4517}
		{B096C692-F801-4500-9CC1-2FFB4D4EBAA1} = {3E8BF074-9010-4459-84BC-CC63CF6E4517}
	EndGlobalSection
EndGlobal
